
Microsoft Visual Studio Solution File, Format Version 12.00
# Visual Studio 14
VisualStudioVersion = 14.0.25420.1
MinimumVisualStudioVersion = 10.0.40219.1
Project("{8BC9CEB8-8B4A-11D0-8D11-00A0C91BC942}") = "01一维数组名称", "day04\day04.vcxproj", "{6747438F-1CBD-4FC5-B10A-CB1892474550}"
EndProject
Project("{8BC9CEB8-8B4A-11D0-8D11-00A0C91BC942}") = "02定义数组指针", "02定义数组指针\02定义数组指针.vcxproj", "{3BFEFF19-1D00-4569-9E41-51A6503BA5F0}"
EndProject
Project("{8BC9CEB8-8B4A-11D0-8D11-00A0C91BC942}") = "04指针数组的排序", "04指针数组的排序\04指针数组的排序.vcxproj", "{A637C597-6EFC-43B0-9C95-2E0976981EFD}"
EndProject
Project("{8BC9CEB8-8B4A-11D0-8D11-00A0C91BC942}") = "05结构体基本概念", "05结构体基本概念\05结构体基本概念.vcxproj", "{3AC3F896-57F0-4395-A712-5745919084B2}"
EndProject
Project("{8BC9CEB8-8B4A-11D0-8D11-00A0C91BC942}") = "06结构体赋值的问题以及解决", "06结构体赋值的问题以及解决\06结构体赋值的问题以及解决.vcxproj", "{9B5EFBF8-8B6C-48EF-9774-C16B88E54BC1}"
EndProject
Project("{8BC9CEB8-8B4A-11D0-8D11-00A0C91BC942}") = "03二维数组名称", "03二维数组名称\03二维数组名称.vcxproj", "{5BEC98F3-7B6D-477B-B637-7BEEDBE29D87}"
EndProject
Project("{8BC9CEB8-8B4A-11D0-8D11-00A0C91BC942}") = "07结构体嵌套一级指针", "07结构体嵌套一级指针\07结构体嵌套一级指针.vcxproj", "{B189BE78-41C6-4AD6-ACD3-B665733F890D}"
EndProject
Global
	GlobalSection(SolutionConfigurationPlatforms) = preSolution
		Debug|x64 = Debug|x64
		Debug|x86 = Debug|x86
		Release|x64 = Release|x64
		Release|x86 = Release|x86
	EndGlobalSection
	GlobalSection(ProjectConfigurationPlatforms) = postSolution
		{6747438F-1CBD-4FC5-B10A-CB1892474550}.Debug|x64.ActiveCfg = Debug|x64
		{6747438F-1CBD-4FC5-B10A-CB1892474550}.Debug|x64.Build.0 = Debug|x64
		{6747438F-1CBD-4FC5-B10A-CB1892474550}.Debug|x86.ActiveCfg = Debug|Win32
		{6747438F-1CBD-4FC5-B10A-CB1892474550}.Debug|x86.Build.0 = Debug|Win32
		{6747438F-1CBD-4FC5-B10A-CB1892474550}.Release|x64.ActiveCfg = Release|x64
		{6747438F-1CBD-4FC5-B10A-CB1892474550}.Release|x64.Build.0 = Release|x64
		{6747438F-1CBD-4FC5-B10A-CB1892474550}.Release|x86.ActiveCfg = Release|Win32
		{6747438F-1CBD-4FC5-B10A-CB1892474550}.Release|x86.Build.0 = Release|Win32
		{3BFEFF19-1D00-4569-9E41-51A6503BA5F0}.Debug|x64.ActiveCfg = Debug|x64
		{3BFEFF19-1D00-4569-9E41-51A6503BA5F0}.Debug|x64.Build.0 = Debug|x64
		{3BFEFF19-1D00-4569-9E41-51A6503BA5F0}.Debug|x86.ActiveCfg = Debug|Win32
		{3BFEFF19-1D00-4569-9E41-51A6503BA5F0}.Debug|x86.Build.0 = Debug|Win32
		{3BFEFF19-1D00-4569-9E41-51A6503BA5F0}.Release|x64.ActiveCfg = Release|x64
		{3BFEFF19-1D00-4569-9E41-51A6503BA5F0}.Release|x64.Build.0 = Release|x64
		{3BFEFF19-1D00-4569-9E41-51A6503BA5F0}.Release|x86.ActiveCfg = Release|Win32
		{3BFEFF19-1D00-4569-9E41-51A6503BA5F0}.Release|x86.Build.0 = Release|Win32
		{A637C597-6EFC-43B0-9C95-2E0976981EFD}.Debug|x64.ActiveCfg = Debug|x64
		{A637C597-6EFC-43B0-9C95-2E0976981EFD}.Debug|x64.Build.0 = Debug|x64
		{A637C597-6EFC-43B0-9C95-2E0976981EFD}.Debug|x86.ActiveCfg = Debug|Win32
		{A637C597-6EFC-43B0-9C95-2E0976981EFD}.Debug|x86.Build.0 = Debug|Win32
		{A637C597-6EFC-43B0-9C95-2E0976981EFD}.Release|x64.ActiveCfg = Release|x64
		{A637C597-6EFC-43B0-9C95-2E0976981EFD}.Release|x64.Build.0 = Release|x64
		{A637C597-6EFC-43B0-9C95-2E0976981EFD}.Release|x86.ActiveCfg = Release|Win32
		{A637C597-6EFC-43B0-9C95-2E0976981EFD}.Release|x86.Build.0 = Release|Win32
		{3AC3F896-57F0-4395-A712-5745919084B2}.Debug|x64.ActiveCfg = Debug|x64
		{3AC3F896-57F0-4395-A712-5745919084B2}.Debug|x64.Build.0 = Debug|x64
		{3AC3F896-57F0-4395-A712-5745919084B2}.Debug|x86.ActiveCfg = Debug|Win32
		{3AC3F896-57F0-4395-A712-5745919084B2}.Debug|x86.Build.0 = Debug|Win32
		{3AC3F896-57F0-4395-A712-5745919084B2}.Release|x64.ActiveCfg = Release|x64
		{3AC3F896-57F0-4395-A712-5745919084B2}.Release|x64.Build.0 = Release|x64
		{3AC3F896-57F0-4395-A712-5745919084B2}.Release|x86.ActiveCfg = Release|Win32
		{3AC3F896-57F0-4395-A712-5745919084B2}.Release|x86.Build.0 = Release|Win32
		{9B5EFBF8-8B6C-48EF-9774-C16B88E54BC1}.Debug|x64.ActiveCfg = Debug|x64
		{9B5EFBF8-8B6C-48EF-9774-C16B88E54BC1}.Debug|x64.Build.0 = Debug|x64
		{9B5EFBF8-8B6C-48EF-9774-C16B88E54BC1}.Debug|x86.ActiveCfg = Debug|Win32
		{9B5EFBF8-8B6C-48EF-9774-C16B88E54BC1}.Debug|x86.Build.0 = Debug|Win32
		{9B5EFBF8-8B6C-48EF-9774-C16B88E54BC1}.Release|x64.ActiveCfg = Release|x64
		{9B5EFBF8-8B6C-48EF-9774-C16B88E54BC1}.Release|x64.Build.0 = Release|x64
		{9B5EFBF8-8B6C-48EF-9774-C16B88E54BC1}.Release|x86.ActiveCfg = Release|Win32
		{9B5EFBF8-8B6C-48EF-9774-C16B88E54BC1}.Release|x86.Build.0 = Release|Win32
		{5BEC98F3-7B6D-477B-B637-7BEEDBE29D87}.Debug|x64.ActiveCfg = Debug|x64
		{5BEC98F3-7B6D-477B-B637-7BEEDBE29D87}.Debug|x64.Build.0 = Debug|x64
		{5BEC98F3-7B6D-477B-B637-7BEEDBE29D87}.Debug|x86.ActiveCfg = Debug|Win32
		{5BEC98F3-7B6D-477B-B637-7BEEDBE29D87}.Debug|x86.Build.0 = Debug|Win32
		{5BEC98F3-7B6D-477B-B637-7BEEDBE29D87}.Release|x64.ActiveCfg = Release|x64
		{5BEC98F3-7B6D-477B-B637-7BEEDBE29D87}.Release|x64.Build.0 = Release|x64
		{5BEC98F3-7B6D-477B-B637-7BEEDBE29D87}.Release|x86.ActiveCfg = Release|Win32
		{5BEC98F3-7B6D-477B-B637-7BEEDBE29D87}.Release|x86.Build.0 = Release|Win32
		{B189BE78-41C6-4AD6-ACD3-B665733F890D}.Debug|x64.ActiveCfg = Debug|x64
		{B189BE78-41C6-4AD6-ACD3-B665733F890D}.Debug|x64.Build.0 = Debug|x64
		{B189BE78-41C6-4AD6-ACD3-B665733F890D}.Debug|x86.ActiveCfg = Debug|Win32
		{B189BE78-41C6-4AD6-ACD3-B665733F890D}.Debug|x86.Build.0 = Debug|Win32
		{B189BE78-41C6-4AD6-ACD3-B665733F890D}.Release|x64.ActiveCfg = Release|x64
		{B189BE78-41C6-4AD6-ACD3-B665733F890D}.Release|x64.Build.0 = Release|x64
		{B189BE78-41C6-4AD6-ACD3-B665733F890D}.Release|x86.ActiveCfg = Release|Win32
		{B189BE78-41C6-4AD6-ACD3-B665733F890D}.Release|x86.Build.0 = Release|Win32
	EndGlobalSection
	GlobalSection(SolutionProperties) = preSolution
		HideSolutionNode = FALSE
	EndGlobalSection
EndGlobal
